
Microsoft Visual Studio Solution File, Format Version 12.00
# Visual Studio 2012
Project("{FAE04EC0-301F-11D3-BF4B-00C04F79EFBC}") = "CensusMapper", "CensusMapper\CensusMapper.csproj", "{12DDBAF7-EFEF-4FD0-8F2C-0AED517D6429}"
EndProject
Project("{FAE04EC0-301F-11D3-BF4B-00C04F79EFBC}") = "CensusMapper.Tests", "CensusMapper.Tests\CensusMapper.Tests.csproj", "{4857D4CE-24D1-4EA6-B0DB-195F75DFA1A7}"
EndProject
Project("{FAE04EC0-301F-11D3-BF4B-00C04F79EFBC}") = "CensusMapper.UnitTests", "CensusMapper.UnitTests\CensusMapper.UnitTests.csproj", "{27B4C7A8-6111-413B-A28E-CBEEEA8E7F0A}"
EndProject
Global
	GlobalSection(SolutionConfigurationPlatforms) = preSolution
		Debug|Any CPU = Debug|Any CPU
		Debug|ARM = Debug|ARM
		Debug|x64 = Debug|x64
		Debug|x86 = Debug|x86
		Release|Any CPU = Release|Any CPU
		Release|ARM = Release|ARM
		Release|x64 = Release|x64
		Release|x86 = Release|x86
	EndGlobalSection
	GlobalSection(ProjectConfigurationPlatforms) = postSolution
		{12DDBAF7-EFEF-4FD0-8F2C-0AED517D6429}.Debug|Any CPU.ActiveCfg = Debug|x64
		{12DDBAF7-EFEF-4FD0-8F2C-0AED517D6429}.Debug|Any CPU.Build.0 = Debug|x64
		{12DDBAF7-EFEF-4FD0-8F2C-0AED517D6429}.Debug|Any CPU.Deploy.0 = Debug|x64
		{12DDBAF7-EFEF-4FD0-8F2C-0AED517D6429}.Debug|ARM.ActiveCfg = Debug|ARM
		{12DDBAF7-EFEF-4FD0-8F2C-0AED517D6429}.Debug|ARM.Build.0 = Debug|ARM
		{12DDBAF7-EFEF-4FD0-8F2C-0AED517D6429}.Debug|ARM.Deploy.0 = Debug|ARM
		{12DDBAF7-EFEF-4FD0-8F2C-0AED517D6429}.Debug|x64.ActiveCfg = Debug|x64
		{12DDBAF7-EFEF-4FD0-8F2C-0AED517D6429}.Debug|x64.Build.0 = Debug|x64
		{12DDBAF7-EFEF-4FD0-8F2C-0AED517D6429}.Debug|x64.Deploy.0 = Debug|x64
		{12DDBAF7-EFEF-4FD0-8F2C-0AED517D6429}.Debug|x86.ActiveCfg = Debug|x86
		{12DDBAF7-EFEF-4FD0-8F2C-0AED517D6429}.Debug|x86.Build.0 = Debug|x86
		{12DDBAF7-EFEF-4FD0-8F2C-0AED517D6429}.Debug|x86.Deploy.0 = Debug|x86
		{12DDBAF7-EFEF-4FD0-8F2C-0AED517D6429}.Release|Any CPU.ActiveCfg = Release|Any CPU
		{12DDBAF7-EFEF-4FD0-8F2C-0AED517D6429}.Release|Any CPU.Build.0 = Release|Any CPU
		{12DDBAF7-EFEF-4FD0-8F2C-0AED517D6429}.Release|Any CPU.Deploy.0 = Release|Any CPU
		{12DDBAF7-EFEF-4FD0-8F2C-0AED517D6429}.Release|ARM.ActiveCfg = Release|ARM
		{12DDBAF7-EFEF-4FD0-8F2C-0AED517D6429}.Release|ARM.Build.0 = Release|ARM
		{12DDBAF7-EFEF-4FD0-8F2C-0AED517D6429}.Release|ARM.Deploy.0 = Release|ARM
		{12DDBAF7-EFEF-4FD0-8F2C-0AED517D6429}.Release|x64.ActiveCfg = Release|x64
		{12DDBAF7-EFEF-4FD0-8F2C-0AED517D6429}.Release|x64.Build.0 = Release|x64
		{12DDBAF7-EFEF-4FD0-8F2C-0AED517D6429}.Release|x64.Deploy.0 = Release|x64
		{12DDBAF7-EFEF-4FD0-8F2C-0AED517D6429}.Release|x86.ActiveCfg = Release|x86
		{12DDBAF7-EFEF-4FD0-8F2C-0AED517D6429}.Release|x86.Build.0 = Release|x86
		{12DDBAF7-EFEF-4FD0-8F2C-0AED517D6429}.Release|x86.Deploy.0 = Release|x86
		{4857D4CE-24D1-4EA6-B0DB-195F75DFA1A7}.Debug|Any CPU.ActiveCfg = Debug|Any CPU
		{4857D4CE-24D1-4EA6-B0DB-195F75DFA1A7}.Debug|Any CPU.Build.0 = Debug|Any CPU
		{4857D4CE-24D1-4EA6-B0DB-195F75DFA1A7}.Debug|ARM.ActiveCfg = Debug|Any CPU
		{4857D4CE-24D1-4EA6-B0DB-195F75DFA1A7}.Debug|x64.ActiveCfg = Debug|Any CPU
		{4857D4CE-24D1-4EA6-B0DB-195F75DFA1A7}.Debug|x86.ActiveCfg = Debug|Any CPU
		{4857D4CE-24D1-4EA6-B0DB-195F75DFA1A7}.Release|Any CPU.ActiveCfg = Release|Any CPU
		{4857D4CE-24D1-4EA6-B0DB-195F75DFA1A7}.Release|Any CPU.Build.0 = Release|Any CPU
		{4857D4CE-24D1-4EA6-B0DB-195F75DFA1A7}.Release|ARM.ActiveCfg = Release|Any CPU
		{4857D4CE-24D1-4EA6-B0DB-195F75DFA1A7}.Release|x64.ActiveCfg = Release|Any CPU
		{4857D4CE-24D1-4EA6-B0DB-195F75DFA1A7}.Release|x86.ActiveCfg = Release|Any CPU
		{27B4C7A8-6111-413B-A28E-CBEEEA8E7F0A}.Debug|Any CPU.ActiveCfg = Debug|x64
		{27B4C7A8-6111-413B-A28E-CBEEEA8E7F0A}.Debug|Any CPU.Build.0 = Debug|x64
		{27B4C7A8-6111-413B-A28E-CBEEEA8E7F0A}.Debug|Any CPU.Deploy.0 = Debug|x64
		{27B4C7A8-6111-413B-A28E-CBEEEA8E7F0A}.Debug|ARM.ActiveCfg = Debug|ARM
		{27B4C7A8-6111-413B-A28E-CBEEEA8E7F0A}.Debug|ARM.Build.0 = Debug|ARM
		{27B4C7A8-6111-413B-A28E-CBEEEA8E7F0A}.Debug|ARM.Deploy.0 = Debug|ARM
		{27B4C7A8-6111-413B-A28E-CBEEEA8E7F0A}.Debug|x64.ActiveCfg = Debug|x64
		{27B4C7A8-6111-413B-A28E-CBEEEA8E7F0A}.Debug|x64.Build.0 = Debug|x64
		{27B4C7A8-6111-413B-A28E-CBEEEA8E7F0A}.Debug|x64.Deploy.0 = Debug|x64
		{27B4C7A8-6111-413B-A28E-CBEEEA8E7F0A}.Debug|x86.ActiveCfg = Debug|x86
		{27B4C7A8-6111-413B-A28E-CBEEEA8E7F0A}.Debug|x86.Build.0 = Debug|x86
		{27B4C7A8-6111-413B-A28E-CBEEEA8E7F0A}.Debug|x86.Deploy.0 = Debug|x86
		{27B4C7A8-6111-413B-A28E-CBEEEA8E7F0A}.Release|Any CPU.ActiveCfg = Release|Any CPU
		{27B4C7A8-6111-413B-A28E-CBEEEA8E7F0A}.Release|Any CPU.Build.0 = Release|Any CPU
		{27B4C7A8-6111-413B-A28E-CBEEEA8E7F0A}.Release|Any CPU.Deploy.0 = Release|Any CPU
		{27B4C7A8-6111-413B-A28E-CBEEEA8E7F0A}.Release|ARM.ActiveCfg = Release|ARM
		{27B4C7A8-6111-413B-A28E-CBEEEA8E7F0A}.Release|ARM.Build.0 = Release|ARM
		{27B4C7A8-6111-413B-A28E-CBEEEA8E7F0A}.Release|ARM.Deploy.0 = Release|ARM
		{27B4C7A8-6111-413B-A28E-CBEEEA8E7F0A}.Release|x64.ActiveCfg = Release|x64
		{27B4C7A8-6111-413B-A28E-CBEEEA8E7F0A}.Release|x64.Build.0 = Release|x64
		{27B4C7A8-6111-413B-A28E-CBEEEA8E7F0A}.Release|x64.Deploy.0 = Release|x64
		{27B4C7A8-6111-413B-A28E-CBEEEA8E7F0A}.Release|x86.ActiveCfg = Release|x86
		{27B4C7A8-6111-413B-A28E-CBEEEA8E7F0A}.Release|x86.Build.0 = Release|x86
		{27B4C7A8-6111-413B-A28E-CBEEEA8E7F0A}.Release|x86.Deploy.0 = Release|x86
	EndGlobalSection
	GlobalSection(SolutionProperties) = preSolution
		HideSolutionNode = FALSE
	EndGlobalSection
EndGlobal
